{
	"Packages": {
		"yanlong-li/test": {
			"Name": "yanlong-li/test",
			"Version": "*",
			"Description": "",
			"Keywords": null,
			"Homepage": "",
			"Type": "module",
			"License": "",
			"Authors": null,
			"Support": null,
			"Require": null,
			"Custom": null,
			"Use": 1
		}
	},
	"GenerationTime": "2019-09-04 12:31:54"
}